
Microsoft Visual Studio Solution File, Format Version 12.00
# Visual Studio Version 17
VisualStudioVersion = 17.6.33723.286
MinimumVisualStudioVersion = 10.0.40219.1
Project("{9A19103F-16F7-4668-BE54-9A1E7A4F7556}") = "grouping", "grouping.csproj", "{2A80497E-2AB2-4B9E-8DED-A5F010B596ED}"
EndProject
Global
	GlobalSection(SolutionConfigurationPlatforms) = preSolution
		Debug|Any CPU = Debug|Any CPU
		Release|Any CPU = Release|Any CPU
	EndGlobalSection
	GlobalSection(ProjectConfigurationPlatforms) = postSolution
		{2A80497E-2AB2-4B9E-8DED-A5F010B596ED}.Debug|Any CPU.ActiveCfg = Debug|Any CPU
		{2A80497E-2AB2-4B9E-8DED-A5F010B596ED}.Debug|Any CPU.Build.0 = Debug|Any CPU
		{2A80497E-2AB2-4B9E-8DED-A5F010B596ED}.Release|Any CPU.ActiveCfg = Release|Any CPU
		{2A80497E-2AB2-4B9E-8DED-A5F010B596ED}.Release|Any CPU.Build.0 = Release|Any CPU
	EndGlobalSection
	GlobalSection(SolutionProperties) = preSolution
		HideSolutionNode = FALSE
	EndGlobalSection
	GlobalSection(ExtensibilityGlobals) = postSolution
		SolutionGuid = {2F325B67-7435-442F-8EC1-4279C316EE8B}
	EndGlobalSection
EndGlobal
